Microsoft Visual Studio Solution File, Format Version 12.00
# Visual Studio Version 17
VisualStudioVersion = 17.5.2.0
MinimumVisualStudioVersion = 10.0.40219.1
Project("{FAE04EC0-301F-11D3-BF4B-00C04F79EFBC}") = "CoreData", "CoreData.csproj", "{C8D13D4C-7ABD-09FF-3778-813D041409E3}"
EndProject
Global
	GlobalSection(SolutionConfigurationPlatforms) = preSolution
		Debug|Any CPU = Debug|Any CPU
		Release|Any CPU = Release|Any CPU
	EndGlobalSection
	GlobalSection(ProjectConfigurationPlatforms) = postSolution
		{C8D13D4C-7ABD-09FF-3778-813D041409E3}.Debug|Any CPU.ActiveCfg = Debug|Any CPU
		{C8D13D4C-7ABD-09FF-3778-813D041409E3}.Debug|Any CPU.Build.0 = Debug|Any CPU
		{C8D13D4C-7ABD-09FF-3778-813D041409E3}.Release|Any CPU.ActiveCfg = Release|Any CPU
		{C8D13D4C-7ABD-09FF-3778-813D041409E3}.Release|Any CPU.Build.0 = Release|Any CPU
	EndGlobalSection
	GlobalSection(SolutionProperties) = preSolution
		HideSolutionNode = FALSE
	EndGlobalSection
	GlobalSection(ExtensibilityGlobals) = postSolution
		SolutionGuid = {3DF9AA11-5552-4F23-82B1-86B15B2ABE1B}
	EndGlobalSection
EndGlobal
